
Microsoft Visual Studio Solution File, Format Version 12.00
# Visual Studio Version 17
VisualStudioVersion = 17.10.35013.160
MinimumVisualStudioVersion = 10.0.40219.1
Project("{9A19103F-16F7-4668-BE54-9A1E7A4F7556}") = "Nasledjivanje apstraktne klase i interfejsa", "Nasledjivanje apstraktne klase i interfejsa.csproj", "{26D4558B-3E47-4295-8E7F-754D525EC80A}"
EndProject
Project("{2150E333-8FDC-42A3-9474-1A3956D46DE8}") = "Solution Items", "Solution Items", "{E9451C95-0252-4E7A-B0CD-0647F778A8AC}"
	ProjectSection(SolutionItems) = preProject
		Tests.cs = Tests.cs
	EndProjectSection
EndProject
Global
	GlobalSection(SolutionConfigurationPlatforms) = preSolution
		Debug|Any CPU = Debug|Any CPU
		Release|Any CPU = Release|Any CPU
	EndGlobalSection
	GlobalSection(ProjectConfigurationPlatforms) = postSolution
		{26D4558B-3E47-4295-8E7F-754D525EC80A}.Debug|Any CPU.ActiveCfg = Debug|Any CPU
		{26D4558B-3E47-4295-8E7F-754D525EC80A}.Debug|Any CPU.Build.0 = Debug|Any CPU
		{26D4558B-3E47-4295-8E7F-754D525EC80A}.Release|Any CPU.ActiveCfg = Release|Any CPU
		{26D4558B-3E47-4295-8E7F-754D525EC80A}.Release|Any CPU.Build.0 = Release|Any CPU
	EndGlobalSection
	GlobalSection(SolutionProperties) = preSolution
		HideSolutionNode = FALSE
	EndGlobalSection
	GlobalSection(ExtensibilityGlobals) = postSolution
		SolutionGuid = {CD15A0D9-6DF5-45E8-B959-D387AB2CA895}
	EndGlobalSection
EndGlobal
